// !$*UTF8*$!
{
	archiveVersion = 1;
	classes = {
	};
	objectVersion = 46;
	objects = {

/* Begin PBXBuildFile section */
		83342DF31E65A2A2008D353D /* EZScanCircle.m in Sources */ = {isa = PBXBuildFile; fileRef = 83342DF21E65A2A1008D353D /* EZScanCircle.m */; };
		C02E789D1D51C17100FDA4B3 /* UINavigationBar+Transparent.m in Sources */ = {isa = PBXBuildFile; fileRef = C02E789C1D51C17100FDA4B3 /* UINavigationBar+Transparent.m */; };
		C04B1ED51CED64A6008085A2 /* scan_net@2x.png in Resources */ = {isa = PBXBuildFile; fileRef = C04B1ED41CED64A6008085A2 /* scan_net@2x.png */; };
		C0B1137B1CEC5611004A2479 /* EZQRCodeScannerView.m in Sources */ = {isa = PBXBuildFile; fileRef = C0B1137A1CEC5611004A2479 /* EZQRCodeScannerView.m */; };
		C0B1137E1CEC566B004A2479 /* EZQRCodeScanner.m in Sources */ = {isa = PBXBuildFile; fileRef = C0B1137D1CEC566B004A2479 /* EZQRCodeScanner.m */; };
		C0BAE9F61D5199370036E497 /* album@2x.png in Resources */ = {isa = PBXBuildFile; fileRef = C0BAE9F51D5199370036E497 /* album@2x.png */; };
		C0BAE9FE1D519A990036E497 /* flash_on@2x.png in Resources */ = {isa = PBXBuildFile; fileRef = C0BAE9FD1D519A990036E497 /* flash_on@2x.png */; };
		C0BAEA001D519A9E0036E497 /* flash_off@2x.png in Resources */ = {isa = PBXBuildFile; fileRef = C0BAE9FF1D519A9E0036E497 /* flash_off@2x.png */; };
		C0C77BC91CEEB44C00760432 /* EZScanLine.m in Sources */ = {isa = PBXBuildFile; fileRef = C0C77BC81CEEB44C00760432 /* EZScanLine.m */; };
		C0C77BCC1CEEBB2400760432 /* EZScanNetGrid.m in Sources */ = {isa = PBXBuildFile; fileRef = C0C77BCB1CEEBB2400760432 /* EZScanNetGrid.m */; };
		C0F25AE91CE9AC5B002705CF /* main.m in Sources */ = {isa = PBXBuildFile; fileRef = C0F25AE81CE9AC5B002705CF /* main.m */; };
		C0F25AEC1CE9AC5B002705CF /* AppDelegate.m in Sources */ = {isa = PBXBuildFile; fileRef = C0F25AEB1CE9AC5B002705CF /* AppDelegate.m */; };
		C0F25AEF1CE9AC5B002705CF /* ViewController.m in Sources */ = {isa = PBXBuildFile; fileRef = C0F25AEE1CE9AC5B002705CF /* ViewController.m */; };
		C0F25AF21CE9AC5B002705CF /* Main.storyboard in Resources */ = {isa = PBXBuildFile; fileRef = C0F25AF01CE9AC5B002705CF /* Main.storyboard */; };
		C0F25AF41CE9AC5B002705CF /* Assets.xcassets in Resources */ = {isa = PBXBuildFile; fileRef = C0F25AF31CE9AC5B002705CF /* Assets.xcassets */; };
		C0F25AF71CE9AC5B002705CF /* LaunchScreen.storyboard in Resources */ = {isa = PBXBuildFile; fileRef = C0F25AF51CE9AC5B002705CF /* LaunchScreen.storyboard */; };
/* End PBXBuildFile section */

/* Begin PBXFileReference section */
		83342DF11E65A2A1008D353D /* EZScanCircle.h */ = {isa = PBXFileReference; fileEncoding = 4; lastKnownFileType = sourcecode.c.h; path = EZScanCircle.h; sourceTree = "<group>"; };
		83342DF21E65A2A1008D353D /* EZScanCircle.m */ = {isa = PBXFileReference; fileEncoding = 4; lastKnownFileType = sourcecode.c.objc; path = EZScanCircle.m; sourceTree = "<group>"; };
		C02E789B1D51C17100FDA4B3 /* UINavigationBar+Transparent.h */ = {isa = PBXFileReference; fileEncoding = 4; lastKnownFileType = sourcecode.c.h; name = "UINavigationBar+Transparent.h"; path = "EZQRCodeScanner/UINavigationBar+Transparent.h"; sourceTree = SOURCE_ROOT; };
		C02E789C1D51C17100FDA4B3 /* UINavigationBar+Transparent.m */ = {isa = PBXFileReference; fileEncoding = 4; lastKnownFileType = sourcecode.c.objc; name = "UINavigationBar+Transparent.m"; path = "EZQRCodeScanner/UINavigationBar+Transparent.m"; sourceTree = SOURCE_ROOT; };
		C04B1ED41CED64A6008085A2 /* scan_net@2x.png */ = {isa = PBXFileReference; lastKnownFileType = image.png; path = "scan_net@2x.png"; sourceTree = "<group>"; };
		C0B113791CEC5611004A2479 /* EZQRCodeScannerView.h */ = {isa = PBXFileReference; fileEncoding = 4; lastKnownFileType = sourcecode.c.h; path = EZQRCodeScannerView.h; sourceTree = "<group>"; };
		C0B1137A1CEC5611004A2479 /* EZQRCodeScannerView.m */ = {isa = PBXFileReference; fileEncoding = 4; lastKnownFileType = sourcecode.c.objc; path = EZQRCodeScannerView.m; sourceTree = "<group>"; };
		C0B1137C1CEC566B004A2479 /* EZQRCodeScanner.h */ = {isa = PBXFileReference; fileEncoding = 4; lastKnownFileType = sourcecode.c.h; path = EZQRCodeScanner.h; sourceTree = "<group>"; };
		C0B1137D1CEC566B004A2479 /* EZQRCodeScanner.m */ = {isa = PBXFileReference; fileEncoding = 4; lastKnownFileType = sourcecode.c.objc; path = EZQRCodeScanner.m; sourceTree = "<group>"; };
		C0BAE9F51D5199370036E497 /* album@2x.png */ = {isa = PBXFileReference; lastKnownFileType = image.png; path = "album@2x.png"; sourceTree = "<group>"; };
		C0BAE9FD1D519A990036E497 /* flash_on@2x.png */ = {isa = PBXFileReference; lastKnownFileType = image.png; path = "flash_on@2x.png"; sourceTree = "<group>"; };
		C0BAE9FF1D519A9E0036E497 /* flash_off@2x.png */ = {isa = PBXFileReference; lastKnownFileType = image.png; path = "flash_off@2x.png"; sourceTree = "<group>"; };
		C0C77BC71CEEB44C00760432 /* EZScanLine.h */ = {isa = PBXFileReference; fileEncoding = 4; lastKnownFileType = sourcecode.c.h; path = EZScanLine.h; sourceTree = "<group>"; };
		C0C77BC81CEEB44C00760432 /* EZScanLine.m */ = {isa = PBXFileReference; fileEncoding = 4; lastKnownFileType = sourcecode.c.objc; path = EZScanLine.m; sourceTree = "<group>"; };
		C0C77BCA1CEEBB2400760432 /* EZScanNetGrid.h */ = {isa = PBXFileReference; fileEncoding = 4; lastKnownFileType = sourcecode.c.h; path = EZScanNetGrid.h; sourceTree = "<group>"; };
		C0C77BCB1CEEBB2400760432 /* EZScanNetGrid.m */ = {isa = PBXFileReference; fileEncoding = 4; lastKnownFileType = sourcecode.c.objc; path = EZScanNetGrid.m; sourceTree = "<group>"; };
		C0F25AE41CE9AC5B002705CF /* EZQRCodeScanner.app */ = {isa = PBXFileReference; explicitFileType = wrapper.application; includeInIndex = 0; path = EZQRCodeScanner.app; sourceTree = BUILT_PRODUCTS_DIR; };
		C0F25AE81CE9AC5B002705CF /* main.m */ = {isa = PBXFileReference; lastKnownFileType = sourcecode.c.objc; path = main.m; sourceTree = "<group>"; };
		C0F25AEA1CE9AC5B002705CF /* AppDelegate.h */ = {isa = PBXFileReference; lastKnownFileType = sourcecode.c.h; path = AppDelegate.h; sourceTree = "<group>"; };
		C0F25AEB1CE9AC5B002705CF /* AppDelegate.m */ = {isa = PBXFileReference; lastKnownFileType = sourcecode.c.objc; path = AppDelegate.m; sourceTree = "<group>"; };
		C0F25AED1CE9AC5B002705CF /* ViewController.h */ = {isa = PBXFileReference; lastKnownFileType = sourcecode.c.h; path = ViewController.h; sourceTree = "<group>"; };
		C0F25AEE1CE9AC5B002705CF /* ViewController.m */ = {isa = PBXFileReference; lastKnownFileType = sourcecode.c.objc; path = ViewController.m; sourceTree = "<group>"; };
		C0F25AF11CE9AC5B002705CF /* Base */ = {isa = PBXFileReference; lastKnownFileType = file.storyboard; name = Base; path = Base.lproj/Main.storyboard; sourceTree = "<group>"; };
		C0F25AF31CE9AC5B002705CF /* Assets.xcassets */ = {isa = PBXFileReference; lastKnownFileType = folder.assetcatalog; path = Assets.xcassets; sourceTree = "<group>"; };
		C0F25AF61CE9AC5B002705CF /* Base */ = {isa = PBXFileReference; lastKnownFileType = file.storyboard; name = Base; path = Base.lproj/LaunchScreen.storyboard; sourceTree = "<group>"; };
		C0F25AF81CE9AC5B002705CF /* Info.plist */ = {isa = PBXFileReference; lastKnownFileType = text.plist.xml; path = Info.plist; sourceTree = "<group>"; };
/* End PBXFileReference section */

/* Begin PBXFrameworksBuildPhase section */
		C0F25AE11CE9AC5B002705CF /* Frameworks */ = {
			isa = PBXFrameworksBuildPhase;
			buildActionMask = 2147483647;
			files = (
			);
			runOnlyForDeploymentPostprocessing = 0;
		};
/* End PBXFrameworksBuildPhase section */

/* Begin PBXGroup section */
		C04B1ED31CED647D008085A2 /* Resource */ = {
			isa = PBXGroup;
			children = (
				C0BAE9F51D5199370036E497 /* album@2x.png */,
				C0BAE9FD1D519A990036E497 /* flash_on@2x.png */,
				C0BAE9FF1D519A9E0036E497 /* flash_off@2x.png */,
				C04B1ED41CED64A6008085A2 /* scan_net@2x.png */,
			);
			path = Resource;
			sourceTree = "<group>";
		};
		C0B113771CEC5611004A2479 /* Controller */ = {
			isa = PBXGroup;
			children = (
				C0B1137C1CEC566B004A2479 /* EZQRCodeScanner.h */,
				C0B1137D1CEC566B004A2479 /* EZQRCodeScanner.m */,
			);
			path = Controller;
			sourceTree = "<group>";
		};
		C0B113781CEC5611004A2479 /* View */ = {
			isa = PBXGroup;
			children = (
				C0B113791CEC5611004A2479 /* EZQRCodeScannerView.h */,
				C0B1137A1CEC5611004A2479 /* EZQRCodeScannerView.m */,
				C0C77BCA1CEEBB2400760432 /* EZScanNetGrid.h */,
				C0C77BCB1CEEBB2400760432 /* EZScanNetGrid.m */,
				C0C77BC71CEEB44C00760432 /* EZScanLine.h */,
				C0C77BC81CEEB44C00760432 /* EZScanLine.m */,
				83342DF11E65A2A1008D353D /* EZScanCircle.h */,
				83342DF21E65A2A1008D353D /* EZScanCircle.m */,
			);
			path = View;
			sourceTree = "<group>";
		};
		C0F25ADB1CE9AC5B002705CF = {
			isa = PBXGroup;
			children = (
				C0F25AE61CE9AC5B002705CF /* EZQRCodeScanner */,
				C0F25AE51CE9AC5B002705CF /* Products */,
			);
			sourceTree = "<group>";
		};
		C0F25AE51CE9AC5B002705CF /* Products */ = {
			isa = PBXGroup;
			children = (
				C0F25AE41CE9AC5B002705CF /* EZQRCodeScanner.app */,
			);
			name = Products;
			sourceTree = "<group>";
		};
		C0F25AE61CE9AC5B002705CF /* EZQRCodeScanner */ = {
			isa = PBXGroup;
			children = (
				C0F25AEA1CE9AC5B002705CF /* AppDelegate.h */,
				C0F25AEB1CE9AC5B002705CF /* AppDelegate.m */,
				C0F25AED1CE9AC5B002705CF /* ViewController.h */,
				C0F25AEE1CE9AC5B002705CF /* ViewController.m */,
				C0F25AF01CE9AC5B002705CF /* Main.storyboard */,
				C0F25AF31CE9AC5B002705CF /* Assets.xcassets */,
				C0F25AF51CE9AC5B002705CF /* LaunchScreen.storyboard */,
				C0F25AF81CE9AC5B002705CF /* Info.plist */,
				C02E789B1D51C17100FDA4B3 /* UINavigationBar+Transparent.h */,
				C02E789C1D51C17100FDA4B3 /* UINavigationBar+Transparent.m */,
				C0F25AFE1CE9B600002705CF /* EZQRCodeScanner */,
				C0F25AE71CE9AC5B002705CF /* Supporting Files */,
			);
			path = EZQRCodeScanner;
			sourceTree = "<group>";
		};
		C0F25AE71CE9AC5B002705CF /* Supporting Files */ = {
			isa = PBXGroup;
			children = (
				C0F25AE81CE9AC5B002705CF /* main.m */,
			);
			name = "Supporting Files";
			sourceTree = "<group>";
		};
		C0F25AFE1CE9B600002705CF /* EZQRCodeScanner */ = {
			isa = PBXGroup;
			children = (
				C0B113771CEC5611004A2479 /* Controller */,
				C0B113781CEC5611004A2479 /* View */,
				C04B1ED31CED647D008085A2 /* Resource */,
			);
			path = EZQRCodeScanner;
			sourceTree = "<group>";
		};
/* End PBXGroup section */

/* Begin PBXNativeTarget section */
		C0F25AE31CE9AC5B002705CF /* EZQRCodeScanner */ = {
			isa = PBXNativeTarget;
			buildConfigurationList = C0F25AFB1CE9AC5B002705CF /* Build configuration list for PBXNativeTarget "EZQRCodeScanner" */;
			buildPhases = (
				C0F25AE01CE9AC5B002705CF /* Sources */,
				C0F25AE11CE9AC5B002705CF /* Frameworks */,
				C0F25AE21CE9AC5B002705CF /* Resources */,
			);
			buildRules = (
			);
			dependencies = (
			);
			name = EZQRCodeScanner;
			productName = EZQRCodeScanner;
			productReference = C0F25AE41CE9AC5B002705CF /* EZQRCodeScanner.app */;
			productType = "com.apple.product-type.application";
		};
/* End PBXNativeTarget section */

/* Begin PBXProject section */
		C0F25ADC1CE9AC5B002705CF /* Project object */ = {
			isa = PBXProject;
			attributes = {
				LastUpgradeCheck = 0700;
				ORGANIZATIONNAME = "Ezfen Cheung";
				TargetAttributes = {
					C0F25AE31CE9AC5B002705CF = {
						CreatedOnToolsVersion = 7.0.1;
						DevelopmentTeam = 995MJNLW3Z;
					};
				};
			};
			buildConfigurationList = C0F25ADF1CE9AC5B002705CF /* Build configuration list for PBXProject "EZQRCodeScanner" */;
			compatibilityVersion = "Xcode 3.2";
			developmentRegion = English;
			hasScannedForEncodings = 0;
			knownRegions = (
				en,
				Base,
			);
			mainGroup = C0F25ADB1CE9AC5B002705CF;
			productRefGroup = C0F25AE51CE9AC5B002705CF /* Products */;
			projectDirPath = "";
			projectRoot = "";
			targets = (
				C0F25AE31CE9AC5B002705CF /* EZQRCodeScanner */,
			);
		};
/* End PBXProject section */

/* Begin PBXResourcesBuildPhase section */
		C0F25AE21CE9AC5B002705CF /* Resources */ = {
			isa = PBXResourcesBuildPhase;
			buildActionMask = 2147483647;
			files = (
				C0BAEA001D519A9E0036E497 /* flash_off@2x.png in Resources */,
				C0BAE9F61D5199370036E497 /* album@2x.png in Resources */,
				C0BAE9FE1D519A990036E497 /* flash_on@2x.png in Resources */,
				C0F25AF71CE9AC5B002705CF /* LaunchScreen.storyboard in Resources */,
				C0F25AF41CE9AC5B002705CF /* Assets.xcassets in Resources */,
				C0F25AF21CE9AC5B002705CF /* Main.storyboard in Resources */,
				C04B1ED51CED64A6008085A2 /* scan_net@2x.png in Resources */,
			);
			runOnlyForDeploymentPostprocessing = 0;
		};
/* End PBXResourcesBuildPhase section */

/* Begin PBXSourcesBuildPhase section */
		C0F25AE01CE9AC5B002705CF /* Sources */ = {
			isa = PBXSourcesBuildPhase;
			buildActionMask = 2147483647;
			files = (
				C0F25AEF1CE9AC5B002705CF /* ViewController.m in Sources */,
				C0F25AEC1CE9AC5B002705CF /* AppDelegate.m in Sources */,
				C02E789D1D51C17100FDA4B3 /* UINavigationBar+Transparent.m in Sources */,
				C0C77BCC1CEEBB2400760432 /* EZScanNetGrid.m in Sources */,
				C0B1137B1CEC5611004A2479 /* EZQRCodeScannerView.m in Sources */,
				C0F25AE91CE9AC5B002705CF /* main.m in Sources */,
				C0B1137E1CEC566B004A2479 /* EZQRCodeScanner.m in Sources */,
				83342DF31E65A2A2008D353D /* EZScanCircle.m in Sources */,
				C0C77BC91CEEB44C00760432 /* EZScanLine.m in Sources */,
			);
			runOnlyForDeploymentPostprocessing = 0;
		};
/* End PBXSourcesBuildPhase section */

/* Begin PBXVariantGroup section */
		C0F25AF01CE9AC5B002705CF /* Main.storyboard */ = {
			isa = PBXVariantGroup;
			children = (
				C0F25AF11CE9AC5B002705CF /* Base */,
			);
			name = Main.storyboard;
			sourceTree = "<group>";
		};
		C0F25AF51CE9AC5B002705CF /* LaunchScreen.storyboard */ = {
			isa = PBXVariantGroup;
			children = (
				C0F25AF61CE9AC5B002705CF /* Base */,
			);
			name = LaunchScreen.storyboard;
			sourceTree = "<group>";
		};
/* End PBXVariantGroup section */

/* Begin XCBuildConfiguration section */
		C0F25AF91CE9AC5B002705CF /* Debug */ = {
			isa = XCBuildConfiguration;
			buildSettings = {
				ALWAYS_SEARCH_USER_PATHS = NO;
				CLANG_CXX_LANGUAGE_STANDARD = "gnu++0x";
				CLANG_CXX_LIBRARY = "libc++";
				CLANG_ENABLE_MODULES = YES;
				CLANG_ENABLE_OBJC_ARC = YES;
				CLANG_WARN_BOOL_CONVERSION = YES;
				CLANG_WARN_CONSTANT_CONVERSION = YES;
				CLANG_WARN_DIRECT_OBJC_ISA_USAGE = YES_ERROR;
				CLANG_WARN_EMPTY_BODY = YES;
				CLANG_WARN_ENUM_CONVERSION = YES;
				CLANG_WARN_INT_CONVERSION = YES;
				CLANG_WARN_OBJC_ROOT_CLASS = YES_ERROR;
				CLANG_WARN_UNREACHABLE_CODE = YES;
				CLANG_WARN__DUPLICATE_METHOD_MATCH = YES;
				"CODE_SIGN_IDENTITY[sdk=iphoneos*]" = "iPhone Developer";
				COPY_PHASE_STRIP = NO;
				DEBUG_INFORMATION_FORMAT = dwarf;
				ENABLE_STRICT_OBJC_MSGSEND = YES;
				ENABLE_TESTABILITY = YES;
				GCC_C_LANGUAGE_STANDARD = gnu99;
				GCC_DYNAMIC_NO_PIC = NO;
				GCC_NO_COMMON_BLOCKS = YES;
				GCC_OPTIMIZATION_LEVEL = 0;
				GCC_PREPROCESSOR_DEFINITIONS = (
					"DEBUG=1",
					"$(inherited)",
				);
				GCC_WARN_64_TO_32_BIT_CONVERSION = YES;
				GCC_WARN_ABOUT_RETURN_TYPE = YES_ERROR;
				GCC_WARN_UNDECLARED_SELECTOR = YES;
				GCC_WARN_UNINITIALIZED_AUTOS = YES_AGGRESSIVE;
				GCC_WARN_UNUSED_FUNCTION = YES;
				GCC_WARN_UNUSED_VARIABLE = YES;
				IPHONEOS_DEPLOYMENT_TARGET = 9.0;
				MTL_ENABLE_DEBUG_INFO = YES;
				ONLY_ACTIVE_ARCH = YES;
				SDKROOT = iphoneos;
				TARGETED_DEVICE_FAMILY = "1,2";
			};
			name = Debug;
		};
		C0F25AFA1CE9AC5B002705CF /* Release */ = {
			isa = XCBuildConfiguration;
			buildSettings = {
				ALWAYS_SEARCH_USER_PATHS = NO;
				CLANG_CXX_LANGUAGE_STANDARD = "gnu++0x";
				CLANG_CXX_LIBRARY = "libc++";
				CLANG_ENABLE_MODULES = YES;
				CLANG_ENABLE_OBJC_ARC = YES;
				CLANG_WARN_BOOL_CONVERSION = YES;
				CLANG_WARN_CONSTANT_CONVERSION = YES;
				CLANG_WARN_DIRECT_OBJC_ISA_USAGE = YES_ERROR;
				CLANG_WARN_EMPTY_BODY = YES;
				CLANG_WARN_ENUM_CONVERSION = YES;
				CLANG_WARN_INT_CONVERSION = YES;
				CLANG_WARN_OBJC_ROOT_CLASS = YES_ERROR;
				CLANG_WARN_UNREACHABLE_CODE = YES;
				CLANG_WARN__DUPLICATE_METHOD_MATCH = YES;
				"CODE_SIGN_IDENTITY[sdk=iphoneos*]" = "iPhone Developer";
				COPY_PHASE_STRIP = NO;
				DEBUG_INFORMATION_FORMAT = "dwarf-with-dsym";
				ENABLE_NS_ASSERTIONS = NO;
				ENABLE_STRICT_OBJC_MSGSEND = YES;
				GCC_C_LANGUAGE_STANDARD = gnu99;
				GCC_NO_COMMON_BLOCKS = YES;
				GCC_WARN_64_TO_32_BIT_CONVERSION = YES;
				GCC_WARN_ABOUT_RETURN_TYPE = YES_ERROR;
				GCC_WARN_UNDECLARED_SELECTOR = YES;
				GCC_WARN_UNINITIALIZED_AUTOS = YES_AGGRESSIVE;
				GCC_WARN_UNUSED_FUNCTION = YES;
				GCC_WARN_UNUSED_VARIABLE = YES;
				IPHONEOS_DEPLOYMENT_TARGET = 9.0;
				MTL_ENABLE_DEBUG_INFO = NO;
				SDKROOT = iphoneos;
				TARGETED_DEVICE_FAMILY = "1,2";
				VALIDATE_PRODUCT = YES;
			};
			name = Release;
		};
		C0F25AFC1CE9AC5B002705CF /* Debug */ = {
			isa = XCBuildConfiguration;
			buildSettings = {
				ASSETCATALOG_COMPILER_APPICON_NAME = AppIcon;
				CODE_SIGN_IDENTITY = "iPhone Developer";
				"CODE_SIGN_IDENTITY[sdk=iphoneos*]" = "iPhone Developer";
				INFOPLIST_FILE = EZQRCodeScanner/Info.plist;
				LD_RUNPATH_SEARCH_PATHS = "$(inherited) @executable_path/Frameworks";
				PRODUCT_BUNDLE_IDENTIFIER = com.ezfen.EZQRCodeScanner;
				PRODUCT_NAME = "$(TARGET_NAME)";
				PROVISIONING_PROFILE = "";
			};
			name = Debug;
		};
		C0F25AFD1CE9AC5B002705CF /* Release */ = {
			isa = XCBuildConfiguration;
			buildSettings = {
				ASSETCATALOG_COMPILER_APPICON_NAME = AppIcon;
				CODE_SIGN_IDENTITY = "iPhone Developer";
				"CODE_SIGN_IDENTITY[sdk=iphoneos*]" = "iPhone Developer";
				INFOPLIST_FILE = EZQRCodeScanner/Info.plist;
				LD_RUNPATH_SEARCH_PATHS = "$(inherited) @executable_path/Frameworks";
				PRODUCT_BUNDLE_IDENTIFIER = com.ezfen.EZQRCodeScanner;
				PRODUCT_NAME = "$(TARGET_NAME)";
				PROVISIONING_PROFILE = "";
			};
			name = Release;
		};
/* End XCBuildConfiguration section */

/* Begin XCConfigurationList section */
		C0F25ADF1CE9AC5B002705CF /* Build configuration list for PBXProject "EZQRCodeScanner" */ = {
			isa = XCConfigurationList;
			buildConfigurations = (
				C0F25AF91CE9AC5B002705CF /* Debug */,
				C0F25AFA1CE9AC5B002705CF /* Release */,
			);
			defaultConfigurationIsVisible = 0;
			defaultConfigurationName = Release;
		};
		C0F25AFB1CE9AC5B002705CF /* Build configuration list for PBXNativeTarget "EZQRCodeScanner" */ = {
			isa = XCConfigurationList;
			buildConfigurations = (
				C0F25AFC1CE9AC5B002705CF /* Debug */,
				C0F25AFD1CE9AC5B002705CF /* Release */,
			);
			defaultConfigurationIsVisible = 0;
			defaultConfigurationName = Release;
		};
/* End XCConfigurationList section */
	};
	rootObject = C0F25ADC1CE9AC5B002705CF /* Project object */;
}
